{
    "_readme": [
        "This file locks the dependencies of your project to a known state",
        "Read more about it at https://getcomposer.org/doc/01-basic-usage.md#installing-dependencies",
        "This file is @generated automatically"
    ],
    "content-hash": "78f9c9f58fe122d616c309bbf39a174a",
    "packages": [
        {
            "name": "wordpress/wordpress",
            "version": "5.5.1",
            "dist": {
                "type": "zip",
                "url": "https://wordpress.org/wordpress-5.5.1.zip"
            },
            "type": "library"
        }
    ],
    "packages-dev": [],
    "aliases": [],
    "minimum-stability": "stable",
    "stability-flags": [],
    "prefer-stable": false,
    "prefer-lowest": false,
    "platform": {
        "php": "~7.4.9",
        "ext-gd": "*",
        "ext-exif": "*",
        "ext-imagick": "*"
    },
    "platform-dev": [],
    "plugin-api-version": "1.1.0"
}
