{
    "_readme": [
        "This file locks the dependencies of your project to a known state",
        "Read more about it at https://getcomposer.org/doc/01-basic-usage.md#installing-dependencies",
        "This file is @generated automatically"
    ],
    "content-hash": "7270269b3e7fa1b6b81f76e88ac76502",
    "packages": [
        {
            "name": "wordpress/wordpress",
            "version": "5.4.1",
            "dist": {
                "type": "zip",
                "url": "https://es.wordpress.org/latest-es_ES.zip",
                "reference": null,
                "shasum": null
            },
            "type": "library"
        }
    ],
    "packages-dev": [],
    "aliases": [],
    "minimum-stability": "stable",
    "stability-flags": [],
    "prefer-stable": false,
    "prefer-lowest": false,
    "platform": {
        "php": "~7.2.0",
        "ext-gd": "*"
    },
    "platform-dev": []
}
